
Microsoft Visual Studio Solution File, Format Version 12.00
# Visual Studio Version 17
VisualStudioVersion = 17.9.34622.214
MinimumVisualStudioVersion = 10.0.40219.1
Project("{FAE04EC0-301F-11D3-BF4B-00C04F79EFBC}") = "WebAPI", "WebAPI\WebAPI.csproj", "{0D7C9698-FD76-49C7-886B-BB4DF11F21AF}"
EndProject
Global
	GlobalSection(SolutionConfigurationPlatforms) = preSolution
		Debug|Any CPU = Debug|Any CPU
		Release|Any CPU = Release|Any CPU
	EndGlobalSection
	GlobalSection(ProjectConfigurationPlatforms) = postSolution
		{0D7C9698-FD76-49C7-886B-BB4DF11F21AF}.Debug|Any CPU.ActiveCfg = Debug|Any CPU
		{0D7C9698-FD76-49C7-886B-BB4DF11F21AF}.Debug|Any CPU.Build.0 = Debug|Any CPU
		{0D7C9698-FD76-49C7-886B-BB4DF11F21AF}.Release|Any CPU.ActiveCfg = Release|Any CPU
		{0D7C9698-FD76-49C7-886B-BB4DF11F21AF}.Release|Any CPU.Build.0 = Release|Any CPU
	EndGlobalSection
	GlobalSection(SolutionProperties) = preSolution
		HideSolutionNode = FALSE
	EndGlobalSection
	GlobalSection(ExtensibilityGlobals) = postSolution
		SolutionGuid = {2DFCE3F3-22B0-4815-95C4-0BE9AB204E7B}
	EndGlobalSection
EndGlobal
